
Microsoft Visual Studio Solution File, Format Version 12.00
# Visual Studio Version 16
VisualStudioVersion = 16.0.29306.81
MinimumVisualStudioVersion = 10.0.40219.1
Project("{FAE04EC0-301F-11D3-BF4B-00C04F79EFBC}") = "ObserverExample", "ObserverExample.csproj", "{6636CBB4-9C3E-467F-881F-5B06FA83B409}"
EndProject
Global
	GlobalSection(SolutionConfigurationPlatforms) = preSolution
		Debug|Any CPU = Debug|Any CPU
		Release|Any CPU = Release|Any CPU
	EndGlobalSection
	GlobalSection(ProjectConfigurationPlatforms) = postSolution
		{6636CBB4-9C3E-467F-881F-5B06FA83B409}.Debug|Any CPU.ActiveCfg = Debug|Any CPU
		{6636CBB4-9C3E-467F-881F-5B06FA83B409}.Debug|Any CPU.Build.0 = Debug|Any CPU
		{6636CBB4-9C3E-467F-881F-5B06FA83B409}.Release|Any CPU.ActiveCfg = Release|Any CPU
		{6636CBB4-9C3E-467F-881F-5B06FA83B409}.Release|Any CPU.Build.0 = Release|Any CPU
	EndGlobalSection
	GlobalSection(SolutionProperties) = preSolution
		HideSolutionNode = FALSE
	EndGlobalSection
	GlobalSection(ExtensibilityGlobals) = postSolution
		SolutionGuid = {A073C8B3-7474-4329-AC0F-075796FC2FDB}
	EndGlobalSection
EndGlobal
